
Microsoft Visual Studio Solution File, Format Version 12.00
# Visual Studio Version 16
VisualStudioVersion = 16.0.30204.135
MinimumVisualStudioVersion = 10.0.40219.1
Project("{9A19103F-16F7-4668-BE54-9A1E7A4F7556}") = "sentry-dotnet-transaction-addon", "sentry-dotnet-transaction-addon\sentry-dotnet-transaction-addon.csproj", "{BDA414FB-FACE-4867-BB3D-8B3DE73B79D2}"
EndProject
Project("{9A19103F-16F7-4668-BE54-9A1E7A4F7556}") = "Testing", "Testing\Testing.csproj", "{9C294F90-9E37-442C-A963-AABFFEE3A66F}"
EndProject
Global
	GlobalSection(SolutionConfigurationPlatforms) = preSolution
		Debug|Any CPU = Debug|Any CPU
		Release|Any CPU = Release|Any CPU
	EndGlobalSection
	GlobalSection(ProjectConfigurationPlatforms) = postSolution
		{BDA414FB-FACE-4867-BB3D-8B3DE73B79D2}.Debug|Any CPU.ActiveCfg = Debug|Any CPU
		{BDA414FB-FACE-4867-BB3D-8B3DE73B79D2}.Debug|Any CPU.Build.0 = Debug|Any CPU
		{BDA414FB-FACE-4867-BB3D-8B3DE73B79D2}.Release|Any CPU.ActiveCfg = Release|Any CPU
		{BDA414FB-FACE-4867-BB3D-8B3DE73B79D2}.Release|Any CPU.Build.0 = Release|Any CPU
		{9C294F90-9E37-442C-A963-AABFFEE3A66F}.Debug|Any CPU.ActiveCfg = Debug|Any CPU
		{9C294F90-9E37-442C-A963-AABFFEE3A66F}.Debug|Any CPU.Build.0 = Debug|Any CPU
		{9C294F90-9E37-442C-A963-AABFFEE3A66F}.Release|Any CPU.ActiveCfg = Release|Any CPU
		{9C294F90-9E37-442C-A963-AABFFEE3A66F}.Release|Any CPU.Build.0 = Release|Any CPU
	EndGlobalSection
	GlobalSection(SolutionProperties) = preSolution
		HideSolutionNode = FALSE
	EndGlobalSection
	GlobalSection(ExtensibilityGlobals) = postSolution
		SolutionGuid = {0458D24F-B240-45A0-9CC4-B8A1A84F1AA0}
	EndGlobalSection
EndGlobal
